// !$*UTF8*$!
{
	archiveVersion = 1;
	classes = {
	};
	objectVersion = 50;
	objects = {

/* Begin PBXBuildFile section */
		043162E9212FE72E008D11B1 /* TimeSegment.m in Sources */ = {isa = PBXBuildFile; fileRef = 043162E8212FE72E008D11B1 /* TimeSegment.m */; };
		04A8ABC0212FD9770045F44E /* AppDelegate.m in Sources */ = {isa = PBXBuildFile; fileRef = 04A8ABBF212FD9770045F44E /* AppDelegate.m */; };
		04A8ABC3212FD9770045F44E /* ViewController.m in Sources */ = {isa = PBXBuildFile; fileRef = 04A8ABC2212FD9770045F44E /* ViewController.m */; };
		04A8ABC6212FD9770045F44E /* Main.storyboard in Resources */ = {isa = PBXBuildFile; fileRef = 04A8ABC4212FD9770045F44E /* Main.storyboard */; };
		04A8ABC8212FD9790045F44E /* Assets.xcassets in Resources */ = {isa = PBXBuildFile; fileRef = 04A8ABC7212FD9790045F44E /* Assets.xcassets */; };
		04A8ABCB212FD9790045F44E /* LaunchScreen.storyboard in Resources */ = {isa = PBXBuildFile; fileRef = 04A8ABC9212FD9790045F44E /* LaunchScreen.storyboard */; };
		04A8ABCE212FD9790045F44E /* main.m in Sources */ = {isa = PBXBuildFile; fileRef = 04A8ABCD212FD9790045F44E /* main.m */; };
		04A8ABD9212FD9860045F44E /* YYRullerView.m in Sources */ = {isa = PBXBuildFile; fileRef = 04A8ABD6212FD9860045F44E /* YYRullerView.m */; };
		04A8ABDA212FD9860045F44E /* YYScrollRulerView.m in Sources */ = {isa = PBXBuildFile; fileRef = 04A8ABD7212FD9860045F44E /* YYScrollRulerView.m */; };
/* End PBXBuildFile section */

/* Begin PBXFileReference section */
		043162E7212FE72E008D11B1 /* TimeSegment.h */ = {isa = PBXFileReference; lastKnownFileType = sourcecode.c.h; path = TimeSegment.h; sourceTree = "<group>"; };
		043162E8212FE72E008D11B1 /* TimeSegment.m */ = {isa = PBXFileReference; lastKnownFileType = sourcecode.c.objc; path = TimeSegment.m; sourceTree = "<group>"; };
		04A8ABBB212FD9770045F44E /* YYRullerView.app */ = {isa = PBXFileReference; explicitFileType = wrapper.application; includeInIndex = 0; path = YYRullerView.app; sourceTree = BUILT_PRODUCTS_DIR; };
		04A8ABBE212FD9770045F44E /* AppDelegate.h */ = {isa = PBXFileReference; lastKnownFileType = sourcecode.c.h; path = AppDelegate.h; sourceTree = "<group>"; };
		04A8ABBF212FD9770045F44E /* AppDelegate.m */ = {isa = PBXFileReference; lastKnownFileType = sourcecode.c.objc; path = AppDelegate.m; sourceTree = "<group>"; };
		04A8ABC1212FD9770045F44E /* ViewController.h */ = {isa = PBXFileReference; lastKnownFileType = sourcecode.c.h; path = ViewController.h; sourceTree = "<group>"; };
		04A8ABC2212FD9770045F44E /* ViewController.m */ = {isa = PBXFileReference; lastKnownFileType = sourcecode.c.objc; path = ViewController.m; sourceTree = "<group>"; };
		04A8ABC5212FD9770045F44E /* Base */ = {isa = PBXFileReference; lastKnownFileType = file.storyboard; name = Base; path = Base.lproj/Main.storyboard; sourceTree = "<group>"; };
		04A8ABC7212FD9790045F44E /* Assets.xcassets */ = {isa = PBXFileReference; lastKnownFileType = folder.assetcatalog; path = Assets.xcassets; sourceTree = "<group>"; };
		04A8ABCA212FD9790045F44E /* Base */ = {isa = PBXFileReference; lastKnownFileType = file.storyboard; name = Base; path = Base.lproj/LaunchScreen.storyboard; sourceTree = "<group>"; };
		04A8ABCC212FD9790045F44E /* Info.plist */ = {isa = PBXFileReference; lastKnownFileType = text.plist.xml; path = Info.plist; sourceTree = "<group>"; };
		04A8ABCD212FD9790045F44E /* main.m */ = {isa = PBXFileReference; lastKnownFileType = sourcecode.c.objc; path = main.m; sourceTree = "<group>"; };
		04A8ABD5212FD9860045F44E /* YYScrollRulerView.h */ = {isa = PBXFileReference; fileEncoding = 4; lastKnownFileType = sourcecode.c.h; path = YYScrollRulerView.h; sourceTree = "<group>"; };
		04A8ABD6212FD9860045F44E /* YYRullerView.m */ = {isa = PBXFileReference; fileEncoding = 4; lastKnownFileType = sourcecode.c.objc; path = YYRullerView.m; sourceTree = "<group>"; };
		04A8ABD7212FD9860045F44E /* YYScrollRulerView.m */ = {isa = PBXFileReference; fileEncoding = 4; lastKnownFileType = sourcecode.c.objc; path = YYScrollRulerView.m; sourceTree = "<group>"; };
		04A8ABD8212FD9860045F44E /* YYRullerView.h */ = {isa = PBXFileReference; fileEncoding = 4; lastKnownFileType = sourcecode.c.h; path = YYRullerView.h; sourceTree = "<group>"; };
/* End PBXFileReference section */

/* Begin PBXFrameworksBuildPhase section */
		04A8ABB8212FD9770045F44E /* Frameworks */ = {
			isa = PBXFrameworksBuildPhase;
			buildActionMask = 2147483647;
			files = (
			);
			runOnlyForDeploymentPostprocessing = 0;
		};
/* End PBXFrameworksBuildPhase section */

/* Begin PBXGroup section */
		04A8ABB2212FD9770045F44E = {
			isa = PBXGroup;
			children = (
				04A8ABBD212FD9770045F44E /* YYRullerView */,
				04A8ABBC212FD9770045F44E /* Products */,
			);
			sourceTree = "<group>";
		};
		04A8ABBC212FD9770045F44E /* Products */ = {
			isa = PBXGroup;
			children = (
				04A8ABBB212FD9770045F44E /* YYRullerView.app */,
			);
			name = Products;
			sourceTree = "<group>";
		};
		04A8ABBD212FD9770045F44E /* YYRullerView */ = {
			isa = PBXGroup;
			children = (
				04A8ABBE212FD9770045F44E /* AppDelegate.h */,
				04A8ABBF212FD9770045F44E /* AppDelegate.m */,
				04A8ABC1212FD9770045F44E /* ViewController.h */,
				04A8ABC2212FD9770045F44E /* ViewController.m */,
				04A8ABD4212FD9860045F44E /* ScrollRuler */,
				04A8ABC4212FD9770045F44E /* Main.storyboard */,
				04A8ABC7212FD9790045F44E /* Assets.xcassets */,
				04A8ABC9212FD9790045F44E /* LaunchScreen.storyboard */,
				04A8ABCC212FD9790045F44E /* Info.plist */,
				04A8ABCD212FD9790045F44E /* main.m */,
			);
			path = YYRullerView;
			sourceTree = "<group>";
		};
		04A8ABD4212FD9860045F44E /* ScrollRuler */ = {
			isa = PBXGroup;
			children = (
				04A8ABD5212FD9860045F44E /* YYScrollRulerView.h */,
				04A8ABD7212FD9860045F44E /* YYScrollRulerView.m */,
				04A8ABD8212FD9860045F44E /* YYRullerView.h */,
				04A8ABD6212FD9860045F44E /* YYRullerView.m */,
				043162E7212FE72E008D11B1 /* TimeSegment.h */,
				043162E8212FE72E008D11B1 /* TimeSegment.m */,
			);
			path = ScrollRuler;
			sourceTree = "<group>";
		};
/* End PBXGroup section */

/* Begin PBXNativeTarget section */
		04A8ABBA212FD9770045F44E /* YYRullerView */ = {
			isa = PBXNativeTarget;
			buildConfigurationList = 04A8ABD1212FD9790045F44E /* Build configuration list for PBXNativeTarget "YYRullerView" */;
			buildPhases = (
				04A8ABB7212FD9770045F44E /* Sources */,
				04A8ABB8212FD9770045F44E /* Frameworks */,
				04A8ABB9212FD9770045F44E /* Resources */,
			);
			buildRules = (
			);
			dependencies = (
			);
			name = YYRullerView;
			productName = YYRullerView;
			productReference = 04A8ABBB212FD9770045F44E /* YYRullerView.app */;
			productType = "com.apple.product-type.application";
		};
/* End PBXNativeTarget section */

/* Begin PBXProject section */
		04A8ABB3212FD9770045F44E /* Project object */ = {
			isa = PBXProject;
			attributes = {
				LastUpgradeCheck = 0940;
				ORGANIZATIONNAME = "SUzhou IOM";
				TargetAttributes = {
					04A8ABBA212FD9770045F44E = {
						CreatedOnToolsVersion = 9.4.1;
					};
				};
			};
			buildConfigurationList = 04A8ABB6212FD9770045F44E /* Build configuration list for PBXProject "YYRullerView" */;
			compatibilityVersion = "Xcode 9.3";
			developmentRegion = en;
			hasScannedForEncodings = 0;
			knownRegions = (
				en,
				Base,
			);
			mainGroup = 04A8ABB2212FD9770045F44E;
			productRefGroup = 04A8ABBC212FD9770045F44E /* Products */;
			projectDirPath = "";
			projectRoot = "";
			targets = (
				04A8ABBA212FD9770045F44E /* YYRullerView */,
			);
		};
/* End PBXProject section */

/* Begin PBXResourcesBuildPhase section */
		04A8ABB9212FD9770045F44E /* Resources */ = {
			isa = PBXResourcesBuildPhase;
			buildActionMask = 2147483647;
			files = (
				04A8ABCB212FD9790045F44E /* LaunchScreen.storyboard in Resources */,
				04A8ABC8212FD9790045F44E /* Assets.xcassets in Resources */,
				04A8ABC6212FD9770045F44E /* Main.storyboard in Resources */,
			);
			runOnlyForDeploymentPostprocessing = 0;
		};
/* End PBXResourcesBuildPhase section */

/* Begin PBXSourcesBuildPhase section */
		04A8ABB7212FD9770045F44E /* Sources */ = {
			isa = PBXSourcesBuildPhase;
			buildActionMask = 2147483647;
			files = (
				04A8ABD9212FD9860045F44E /* YYRullerView.m in Sources */,
				04A8ABDA212FD9860045F44E /* YYScrollRulerView.m in Sources */,
				04A8ABC3212FD9770045F44E /* ViewController.m in Sources */,
				04A8ABCE212FD9790045F44E /* main.m in Sources */,
				043162E9212FE72E008D11B1 /* TimeSegment.m in Sources */,
				04A8ABC0212FD9770045F44E /* AppDelegate.m in Sources */,
			);
			runOnlyForDeploymentPostprocessing = 0;
		};
/* End PBXSourcesBuildPhase section */

/* Begin PBXVariantGroup section */
		04A8ABC4212FD9770045F44E /* Main.storyboard */ = {
			isa = PBXVariantGroup;
			children = (
				04A8ABC5212FD9770045F44E /* Base */,
			);
			name = Main.storyboard;
			sourceTree = "<group>";
		};
		04A8ABC9212FD9790045F44E /* LaunchScreen.storyboard */ = {
			isa = PBXVariantGroup;
			children = (
				04A8ABCA212FD9790045F44E /* Base */,
			);
			name = LaunchScreen.storyboard;
			sourceTree = "<group>";
		};
/* End PBXVariantGroup section */

/* Begin XCBuildConfiguration section */
		04A8ABCF212FD9790045F44E /* Debug */ = {
			isa = XCBuildConfiguration;
			buildSettings = {
				ALWAYS_SEARCH_USER_PATHS = NO;
				CLANG_ANALYZER_NONNULL = YES;
				CLANG_ANALYZER_NUMBER_OBJECT_CONVERSION = YES_AGGRESSIVE;
				CLANG_CXX_LANGUAGE_STANDARD = "gnu++14";
				CLANG_CXX_LIBRARY = "libc++";
				CLANG_ENABLE_MODULES = YES;
				CLANG_ENABLE_OBJC_ARC = YES;
				CLANG_ENABLE_OBJC_WEAK = YES;
				CLANG_WARN_BLOCK_CAPTURE_AUTORELEASING = YES;
				CLANG_WARN_BOOL_CONVERSION = YES;
				CLANG_WARN_COMMA = YES;
				CLANG_WARN_CONSTANT_CONVERSION = YES;
				CLANG_WARN_DEPRECATED_OBJC_IMPLEMENTATIONS = YES;
				CLANG_WARN_DIRECT_OBJC_ISA_USAGE = YES_ERROR;
				CLANG_WARN_DOCUMENTATION_COMMENTS = YES;
				CLANG_WARN_EMPTY_BODY = YES;
				CLANG_WARN_ENUM_CONVERSION = YES;
				CLANG_WARN_INFINITE_RECURSION = YES;
				CLANG_WARN_INT_CONVERSION = YES;
				CLANG_WARN_NON_LITERAL_NULL_CONVERSION = YES;
				CLANG_WARN_OBJC_IMPLICIT_RETAIN_SELF = YES;
				CLANG_WARN_OBJC_LITERAL_CONVERSION = YES;
				CLANG_WARN_OBJC_ROOT_CLASS = YES_ERROR;
				CLANG_WARN_RANGE_LOOP_ANALYSIS = YES;
				CLANG_WARN_STRICT_PROTOTYPES = YES;
				CLANG_WARN_SUSPICIOUS_MOVE = YES;
				CLANG_WARN_UNGUARDED_AVAILABILITY = YES_AGGRESSIVE;
				CLANG_WARN_UNREACHABLE_CODE = YES;
				CLANG_WARN__DUPLICATE_METHOD_MATCH = YES;
				CODE_SIGN_IDENTITY = "iPhone Developer";
				COPY_PHASE_STRIP = NO;
				DEBUG_INFORMATION_FORMAT = dwarf;
				ENABLE_STRICT_OBJC_MSGSEND = YES;
				ENABLE_TESTABILITY = YES;
				GCC_C_LANGUAGE_STANDARD = gnu11;
				GCC_DYNAMIC_NO_PIC = NO;
				GCC_NO_COMMON_BLOCKS = YES;
				GCC_OPTIMIZATION_LEVEL = 0;
				GCC_PREPROCESSOR_DEFINITIONS = (
					"DEBUG=1",
					"$(inherited)",
				);
				GCC_WARN_64_TO_32_BIT_CONVERSION = YES;
				GCC_WARN_ABOUT_RETURN_TYPE = YES_ERROR;
				GCC_WARN_UNDECLARED_SELECTOR = YES;
				GCC_WARN_UNINITIALIZED_AUTOS = YES_AGGRESSIVE;
				GCC_WARN_UNUSED_FUNCTION = YES;
				GCC_WARN_UNUSED_VARIABLE = YES;
				IPHONEOS_DEPLOYMENT_TARGET = 11.4;
				MTL_ENABLE_DEBUG_INFO = YES;
				ONLY_ACTIVE_ARCH = YES;
				SDKROOT = iphoneos;
			};
			name = Debug;
		};
		04A8ABD0212FD9790045F44E /* Release */ = {
			isa = XCBuildConfiguration;
			buildSettings = {
				ALWAYS_SEARCH_USER_PATHS = NO;
				CLANG_ANALYZER_NONNULL = YES;
				CLANG_ANALYZER_NUMBER_OBJECT_CONVERSION = YES_AGGRESSIVE;
				CLANG_CXX_LANGUAGE_STANDARD = "gnu++14";
				CLANG_CXX_LIBRARY = "libc++";
				CLANG_ENABLE_MODULES = YES;
				CLANG_ENABLE_OBJC_ARC = YES;
				CLANG_ENABLE_OBJC_WEAK = YES;
				CLANG_WARN_BLOCK_CAPTURE_AUTORELEASING = YES;
				CLANG_WARN_BOOL_CONVERSION = YES;
				CLANG_WARN_COMMA = YES;
				CLANG_WARN_CONSTANT_CONVERSION = YES;
				CLANG_WARN_DEPRECATED_OBJC_IMPLEMENTATIONS = YES;
				CLANG_WARN_DIRECT_OBJC_ISA_USAGE = YES_ERROR;
				CLANG_WARN_DOCUMENTATION_COMMENTS = YES;
				CLANG_WARN_EMPTY_BODY = YES;
				CLANG_WARN_ENUM_CONVERSION = YES;
				CLANG_WARN_INFINITE_RECURSION = YES;
				CLANG_WARN_INT_CONVERSION = YES;
				CLANG_WARN_NON_LITERAL_NULL_CONVERSION = YES;
				CLANG_WARN_OBJC_IMPLICIT_RETAIN_SELF = YES;
				CLANG_WARN_OBJC_LITERAL_CONVERSION = YES;
				CLANG_WARN_OBJC_ROOT_CLASS = YES_ERROR;
				CLANG_WARN_RANGE_LOOP_ANALYSIS = YES;
				CLANG_WARN_STRICT_PROTOTYPES = YES;
				CLANG_WARN_SUSPICIOUS_MOVE = YES;
				CLANG_WARN_UNGUARDED_AVAILABILITY = YES_AGGRESSIVE;
				CLANG_WARN_UNREACHABLE_CODE = YES;
				CLANG_WARN__DUPLICATE_METHOD_MATCH = YES;
				CODE_SIGN_IDENTITY = "iPhone Developer";
				COPY_PHASE_STRIP = NO;
				DEBUG_INFORMATION_FORMAT = "dwarf-with-dsym";
				ENABLE_NS_ASSERTIONS = NO;
				ENABLE_STRICT_OBJC_MSGSEND = YES;
				GCC_C_LANGUAGE_STANDARD = gnu11;
				GCC_NO_COMMON_BLOCKS = YES;
				GCC_WARN_64_TO_32_BIT_CONVERSION = YES;
				GCC_WARN_ABOUT_RETURN_TYPE = YES_ERROR;
				GCC_WARN_UNDECLARED_SELECTOR = YES;
				GCC_WARN_UNINITIALIZED_AUTOS = YES_AGGRESSIVE;
				GCC_WARN_UNUSED_FUNCTION = YES;
				GCC_WARN_UNUSED_VARIABLE = YES;
				IPHONEOS_DEPLOYMENT_TARGET = 11.4;
				MTL_ENABLE_DEBUG_INFO = NO;
				SDKROOT = iphoneos;
				VALIDATE_PRODUCT = YES;
			};
			name = Release;
		};
		04A8ABD2212FD9790045F44E /* Debug */ = {
			isa = XCBuildConfiguration;
			buildSettings = {
				ASSETCATALOG_COMPILER_APPICON_NAME = AppIcon;
				CODE_SIGN_STYLE = Automatic;
				DEVELOPMENT_TEAM = GZ5MDHTHF6;
				INFOPLIST_FILE = YYRullerView/Info.plist;
				IPHONEOS_DEPLOYMENT_TARGET = 11.0;
				LD_RUNPATH_SEARCH_PATHS = (
					"$(inherited)",
					"@executable_path/Frameworks",
				);
				PRODUCT_BUNDLE_IDENTIFIER = com.hrg.rullerView.YYRullerView;
				PRODUCT_NAME = "$(TARGET_NAME)";
				TARGETED_DEVICE_FAMILY = "1,2";
			};
			name = Debug;
		};
		04A8ABD3212FD9790045F44E /* Release */ = {
			isa = XCBuildConfiguration;
			buildSettings = {
				ASSETCATALOG_COMPILER_APPICON_NAME = AppIcon;
				CODE_SIGN_STYLE = Automatic;
				DEVELOPMENT_TEAM = GZ5MDHTHF6;
				INFOPLIST_FILE = YYRullerView/Info.plist;
				IPHONEOS_DEPLOYMENT_TARGET = 11.0;
				LD_RUNPATH_SEARCH_PATHS = (
					"$(inherited)",
					"@executable_path/Frameworks",
				);
				PRODUCT_BUNDLE_IDENTIFIER = com.hrg.rullerView.YYRullerView;
				PRODUCT_NAME = "$(TARGET_NAME)";
				TARGETED_DEVICE_FAMILY = "1,2";
			};
			name = Release;
		};
/* End XCBuildConfiguration section */

/* Begin XCConfigurationList section */
		04A8ABB6212FD9770045F44E /* Build configuration list for PBXProject "YYRullerView" */ = {
			isa = XCConfigurationList;
			buildConfigurations = (
				04A8ABCF212FD9790045F44E /* Debug */,
				04A8ABD0212FD9790045F44E /* Release */,
			);
			defaultConfigurationIsVisible = 0;
			defaultConfigurationName = Release;
		};
		04A8ABD1212FD9790045F44E /* Build configuration list for PBXNativeTarget "YYRullerView" */ = {
			isa = XCConfigurationList;
			buildConfigurations = (
				04A8ABD2212FD9790045F44E /* Debug */,
				04A8ABD3212FD9790045F44E /* Release */,
			);
			defaultConfigurationIsVisible = 0;
			defaultConfigurationName = Release;
		};
/* End XCConfigurationList section */
	};
	rootObject = 04A8ABB3212FD9770045F44E /* Project object */;
}
